
Microsoft Visual Studio Solution File, Format Version 12.00
Project("{FAE04EC0-301F-11D3-BF4B-00C04F79EFBC}") = "Day01", "Day01\Day01.csproj", "{0B114A25-62A8-4F3D-998E-877E763A755C}"
EndProject
Project("{FAE04EC0-301F-11D3-BF4B-00C04F79EFBC}") = "Day02", "Day02\Day02.csproj", "{4D8CB9D3-0622-4227-9015-1EAC22E0EA77}"
EndProject
Project("{FAE04EC0-301F-11D3-BF4B-00C04F79EFBC}") = "Day03", "Day03\Day03.csproj", "{C58DFBA7-0E8F-416E-B6B0-27C19904D345}"
EndProject
Project("{FAE04EC0-301F-11D3-BF4B-00C04F79EFBC}") = "Day04", "Day04\Day04.csproj", "{F9BC8715-007D-4325-BF27-C801338427FE}"
EndProject
Project("{FAE04EC0-301F-11D3-BF4B-00C04F79EFBC}") = "Day05", "Day05\Day05.csproj", "{2A26D3D7-DEF3-4BFF-AEBE-5509371D1827}"
EndProject
Project("{FAE04EC0-301F-11D3-BF4B-00C04F79EFBC}") = "Day06", "Day06\Day06.csproj", "{935C291B-BE5E-40A2-8B06-A1AA04D8D36C}"
EndProject
Project("{FAE04EC0-301F-11D3-BF4B-00C04F79EFBC}") = "Day07", "Day07\Day07.csproj", "{FBCC4FBF-4E2E-4F8D-A0A6-692B3268ED0D}"
EndProject
Project("{FAE04EC0-301F-11D3-BF4B-00C04F79EFBC}") = "Day08", "Day08\Day08.csproj", "{37462989-54F9-4E5F-8B1B-ADF41449BCC3}"
EndProject
Project("{FAE04EC0-301F-11D3-BF4B-00C04F79EFBC}") = "Day09", "Day09\Day09.csproj", "{3804008E-C624-422C-AE64-AC4B2580CF34}"
EndProject
Project("{FAE04EC0-301F-11D3-BF4B-00C04F79EFBC}") = "Day10", "Day10\Day10.csproj", "{3EC80520-9238-4723-97D5-F58CBCCB38C2}"
EndProject
Project("{FAE04EC0-301F-11D3-BF4B-00C04F79EFBC}") = "Day11", "Day11\Day11.csproj", "{EE68EB2D-3EC7-4C7D-805D-0AB3528BF9C2}"
EndProject
Project("{FAE04EC0-301F-11D3-BF4B-00C04F79EFBC}") = "Day12", "Day12\Day12.csproj", "{4C0EC580-14B3-4798-889A-18186DCB436B}"
EndProject
Project("{FAE04EC0-301F-11D3-BF4B-00C04F79EFBC}") = "Day13", "Day13\Day13.csproj", "{81091E5B-C353-414E-899B-875503DD553F}"
EndProject
Project("{FAE04EC0-301F-11D3-BF4B-00C04F79EFBC}") = "Day14", "Day14\Day14.csproj", "{10DBF95A-32E5-4764-A000-9ECF450F16B1}"
EndProject
Project("{FAE04EC0-301F-11D3-BF4B-00C04F79EFBC}") = "Day15", "Day15\Day15.csproj", "{8D9B9ABE-1549-4624-93AC-93F9B7F82A6C}"
EndProject
Project("{FAE04EC0-301F-11D3-BF4B-00C04F79EFBC}") = "Day16", "Day16\Day16.csproj", "{B255CBA0-DC9B-48CF-98AB-6604B80428A9}"
EndProject
Project("{FAE04EC0-301F-11D3-BF4B-00C04F79EFBC}") = "Day17", "Day17\Day17.csproj", "{9B5FFAAF-24D3-49BC-B220-FBCD68B166C8}"
EndProject
Project("{FAE04EC0-301F-11D3-BF4B-00C04F79EFBC}") = "Day18", "Day18\Day18.csproj", "{2F700F3D-3552-439A-8475-E34C988E8AE5}"
EndProject
Project("{FAE04EC0-301F-11D3-BF4B-00C04F79EFBC}") = "Day19", "Day19\Day19.csproj", "{4F7F853A-F062-4924-9A08-FAFB459A32A4}"
EndProject
Project("{FAE04EC0-301F-11D3-BF4B-00C04F79EFBC}") = "Day20", "Day20\Day20.csproj", "{9A8919BD-5634-491A-B811-1E08A40B0A8B}"
EndProject
Project("{FAE04EC0-301F-11D3-BF4B-00C04F79EFBC}") = "Day21", "Day21\Day21.csproj", "{766F366D-CA8F-4F0A-8AB7-8AB3504CEAF5}"
EndProject
Project("{FAE04EC0-301F-11D3-BF4B-00C04F79EFBC}") = "Day22", "Day22\Day22.csproj", "{2D639D86-E33A-4B90-84A9-117E465A465D}"
EndProject
Project("{FAE04EC0-301F-11D3-BF4B-00C04F79EFBC}") = "Day23", "Day23\Day23.csproj", "{F6327E62-C1DF-488E-8EFA-EA95BB120EE4}"
EndProject
Project("{FAE04EC0-301F-11D3-BF4B-00C04F79EFBC}") = "Day24", "Day24\Day24.csproj", "{BDD07CD1-7648-474D-B273-01F0C0FB7A99}"
EndProject
Project("{FAE04EC0-301F-11D3-BF4B-00C04F79EFBC}") = "Day25", "Day25\Day25.csproj", "{EA8373E7-0D83-45A4-AE41-14954E8076CA}"
EndProject
Global
	GlobalSection(SolutionConfigurationPlatforms) = preSolution
		Debug|Any CPU = Debug|Any CPU
		Release|Any CPU = Release|Any CPU
	EndGlobalSection
	GlobalSection(ProjectConfigurationPlatforms) = postSolution
		{0B114A25-62A8-4F3D-998E-877E763A755C}.Debug|Any CPU.ActiveCfg = Debug|Any CPU
		{0B114A25-62A8-4F3D-998E-877E763A755C}.Debug|Any CPU.Build.0 = Debug|Any CPU
		{0B114A25-62A8-4F3D-998E-877E763A755C}.Release|Any CPU.ActiveCfg = Release|Any CPU
		{0B114A25-62A8-4F3D-998E-877E763A755C}.Release|Any CPU.Build.0 = Release|Any CPU
		{4D8CB9D3-0622-4227-9015-1EAC22E0EA77}.Debug|Any CPU.ActiveCfg = Debug|Any CPU
		{4D8CB9D3-0622-4227-9015-1EAC22E0EA77}.Debug|Any CPU.Build.0 = Debug|Any CPU
		{4D8CB9D3-0622-4227-9015-1EAC22E0EA77}.Release|Any CPU.ActiveCfg = Release|Any CPU
		{4D8CB9D3-0622-4227-9015-1EAC22E0EA77}.Release|Any CPU.Build.0 = Release|Any CPU
		{C58DFBA7-0E8F-416E-B6B0-27C19904D345}.Debug|Any CPU.ActiveCfg = Debug|Any CPU
		{C58DFBA7-0E8F-416E-B6B0-27C19904D345}.Debug|Any CPU.Build.0 = Debug|Any CPU
		{C58DFBA7-0E8F-416E-B6B0-27C19904D345}.Release|Any CPU.ActiveCfg = Release|Any CPU
		{C58DFBA7-0E8F-416E-B6B0-27C19904D345}.Release|Any CPU.Build.0 = Release|Any CPU
		{F9BC8715-007D-4325-BF27-C801338427FE}.Debug|Any CPU.ActiveCfg = Debug|Any CPU
		{F9BC8715-007D-4325-BF27-C801338427FE}.Debug|Any CPU.Build.0 = Debug|Any CPU
		{F9BC8715-007D-4325-BF27-C801338427FE}.Release|Any CPU.ActiveCfg = Release|Any CPU
		{F9BC8715-007D-4325-BF27-C801338427FE}.Release|Any CPU.Build.0 = Release|Any CPU
		{2A26D3D7-DEF3-4BFF-AEBE-5509371D1827}.Debug|Any CPU.ActiveCfg = Debug|Any CPU
		{2A26D3D7-DEF3-4BFF-AEBE-5509371D1827}.Debug|Any CPU.Build.0 = Debug|Any CPU
		{2A26D3D7-DEF3-4BFF-AEBE-5509371D1827}.Release|Any CPU.ActiveCfg = Release|Any CPU
		{2A26D3D7-DEF3-4BFF-AEBE-5509371D1827}.Release|Any CPU.Build.0 = Release|Any CPU
		{935C291B-BE5E-40A2-8B06-A1AA04D8D36C}.Debug|Any CPU.ActiveCfg = Debug|Any CPU
		{935C291B-BE5E-40A2-8B06-A1AA04D8D36C}.Debug|Any CPU.Build.0 = Debug|Any CPU
		{935C291B-BE5E-40A2-8B06-A1AA04D8D36C}.Release|Any CPU.ActiveCfg = Release|Any CPU
		{935C291B-BE5E-40A2-8B06-A1AA04D8D36C}.Release|Any CPU.Build.0 = Release|Any CPU
		{FBCC4FBF-4E2E-4F8D-A0A6-692B3268ED0D}.Debug|Any CPU.ActiveCfg = Debug|Any CPU
		{FBCC4FBF-4E2E-4F8D-A0A6-692B3268ED0D}.Debug|Any CPU.Build.0 = Debug|Any CPU
		{FBCC4FBF-4E2E-4F8D-A0A6-692B3268ED0D}.Release|Any CPU.ActiveCfg = Release|Any CPU
		{FBCC4FBF-4E2E-4F8D-A0A6-692B3268ED0D}.Release|Any CPU.Build.0 = Release|Any CPU
		{37462989-54F9-4E5F-8B1B-ADF41449BCC3}.Debug|Any CPU.ActiveCfg = Debug|Any CPU
		{37462989-54F9-4E5F-8B1B-ADF41449BCC3}.Debug|Any CPU.Build.0 = Debug|Any CPU
		{37462989-54F9-4E5F-8B1B-ADF41449BCC3}.Release|Any CPU.ActiveCfg = Release|Any CPU
		{37462989-54F9-4E5F-8B1B-ADF41449BCC3}.Release|Any CPU.Build.0 = Release|Any CPU
		{3804008E-C624-422C-AE64-AC4B2580CF34}.Debug|Any CPU.ActiveCfg = Debug|Any CPU
		{3804008E-C624-422C-AE64-AC4B2580CF34}.Debug|Any CPU.Build.0 = Debug|Any CPU
		{3804008E-C624-422C-AE64-AC4B2580CF34}.Release|Any CPU.ActiveCfg = Release|Any CPU
		{3804008E-C624-422C-AE64-AC4B2580CF34}.Release|Any CPU.Build.0 = Release|Any CPU
		{3EC80520-9238-4723-97D5-F58CBCCB38C2}.Debug|Any CPU.ActiveCfg = Debug|Any CPU
		{3EC80520-9238-4723-97D5-F58CBCCB38C2}.Debug|Any CPU.Build.0 = Debug|Any CPU
		{3EC80520-9238-4723-97D5-F58CBCCB38C2}.Release|Any CPU.ActiveCfg = Release|Any CPU
		{3EC80520-9238-4723-97D5-F58CBCCB38C2}.Release|Any CPU.Build.0 = Release|Any CPU
		{EE68EB2D-3EC7-4C7D-805D-0AB3528BF9C2}.Debug|Any CPU.ActiveCfg = Debug|Any CPU
		{EE68EB2D-3EC7-4C7D-805D-0AB3528BF9C2}.Debug|Any CPU.Build.0 = Debug|Any CPU
		{EE68EB2D-3EC7-4C7D-805D-0AB3528BF9C2}.Release|Any CPU.ActiveCfg = Release|Any CPU
		{EE68EB2D-3EC7-4C7D-805D-0AB3528BF9C2}.Release|Any CPU.Build.0 = Release|Any CPU
		{4C0EC580-14B3-4798-889A-18186DCB436B}.Debug|Any CPU.ActiveCfg = Debug|Any CPU
		{4C0EC580-14B3-4798-889A-18186DCB436B}.Debug|Any CPU.Build.0 = Debug|Any CPU
		{4C0EC580-14B3-4798-889A-18186DCB436B}.Release|Any CPU.ActiveCfg = Release|Any CPU
		{4C0EC580-14B3-4798-889A-18186DCB436B}.Release|Any CPU.Build.0 = Release|Any CPU
		{81091E5B-C353-414E-899B-875503DD553F}.Debug|Any CPU.ActiveCfg = Debug|Any CPU
		{81091E5B-C353-414E-899B-875503DD553F}.Debug|Any CPU.Build.0 = Debug|Any CPU
		{81091E5B-C353-414E-899B-875503DD553F}.Release|Any CPU.ActiveCfg = Release|Any CPU
		{81091E5B-C353-414E-899B-875503DD553F}.Release|Any CPU.Build.0 = Release|Any CPU
		{10DBF95A-32E5-4764-A000-9ECF450F16B1}.Debug|Any CPU.ActiveCfg = Debug|Any CPU
		{10DBF95A-32E5-4764-A000-9ECF450F16B1}.Debug|Any CPU.Build.0 = Debug|Any CPU
		{10DBF95A-32E5-4764-A000-9ECF450F16B1}.Release|Any CPU.ActiveCfg = Release|Any CPU
		{10DBF95A-32E5-4764-A000-9ECF450F16B1}.Release|Any CPU.Build.0 = Release|Any CPU
		{8D9B9ABE-1549-4624-93AC-93F9B7F82A6C}.Debug|Any CPU.ActiveCfg = Debug|Any CPU
		{8D9B9ABE-1549-4624-93AC-93F9B7F82A6C}.Debug|Any CPU.Build.0 = Debug|Any CPU
		{8D9B9ABE-1549-4624-93AC-93F9B7F82A6C}.Release|Any CPU.ActiveCfg = Release|Any CPU
		{8D9B9ABE-1549-4624-93AC-93F9B7F82A6C}.Release|Any CPU.Build.0 = Release|Any CPU
		{B255CBA0-DC9B-48CF-98AB-6604B80428A9}.Debug|Any CPU.ActiveCfg = Debug|Any CPU
		{B255CBA0-DC9B-48CF-98AB-6604B80428A9}.Debug|Any CPU.Build.0 = Debug|Any CPU
		{B255CBA0-DC9B-48CF-98AB-6604B80428A9}.Release|Any CPU.ActiveCfg = Release|Any CPU
		{B255CBA0-DC9B-48CF-98AB-6604B80428A9}.Release|Any CPU.Build.0 = Release|Any CPU
		{9B5FFAAF-24D3-49BC-B220-FBCD68B166C8}.Debug|Any CPU.ActiveCfg = Debug|Any CPU
		{9B5FFAAF-24D3-49BC-B220-FBCD68B166C8}.Debug|Any CPU.Build.0 = Debug|Any CPU
		{9B5FFAAF-24D3-49BC-B220-FBCD68B166C8}.Release|Any CPU.ActiveCfg = Release|Any CPU
		{9B5FFAAF-24D3-49BC-B220-FBCD68B166C8}.Release|Any CPU.Build.0 = Release|Any CPU
		{2F700F3D-3552-439A-8475-E34C988E8AE5}.Debug|Any CPU.ActiveCfg = Debug|Any CPU
		{2F700F3D-3552-439A-8475-E34C988E8AE5}.Debug|Any CPU.Build.0 = Debug|Any CPU
		{2F700F3D-3552-439A-8475-E34C988E8AE5}.Release|Any CPU.ActiveCfg = Release|Any CPU
		{2F700F3D-3552-439A-8475-E34C988E8AE5}.Release|Any CPU.Build.0 = Release|Any CPU
		{4F7F853A-F062-4924-9A08-FAFB459A32A4}.Debug|Any CPU.ActiveCfg = Debug|Any CPU
		{4F7F853A-F062-4924-9A08-FAFB459A32A4}.Debug|Any CPU.Build.0 = Debug|Any CPU
		{4F7F853A-F062-4924-9A08-FAFB459A32A4}.Release|Any CPU.ActiveCfg = Release|Any CPU
		{4F7F853A-F062-4924-9A08-FAFB459A32A4}.Release|Any CPU.Build.0 = Release|Any CPU
		{9A8919BD-5634-491A-B811-1E08A40B0A8B}.Debug|Any CPU.ActiveCfg = Debug|Any CPU
		{9A8919BD-5634-491A-B811-1E08A40B0A8B}.Debug|Any CPU.Build.0 = Debug|Any CPU
		{9A8919BD-5634-491A-B811-1E08A40B0A8B}.Release|Any CPU.ActiveCfg = Release|Any CPU
		{9A8919BD-5634-491A-B811-1E08A40B0A8B}.Release|Any CPU.Build.0 = Release|Any CPU
		{766F366D-CA8F-4F0A-8AB7-8AB3504CEAF5}.Debug|Any CPU.ActiveCfg = Debug|Any CPU
		{766F366D-CA8F-4F0A-8AB7-8AB3504CEAF5}.Debug|Any CPU.Build.0 = Debug|Any CPU
		{766F366D-CA8F-4F0A-8AB7-8AB3504CEAF5}.Release|Any CPU.ActiveCfg = Release|Any CPU
		{766F366D-CA8F-4F0A-8AB7-8AB3504CEAF5}.Release|Any CPU.Build.0 = Release|Any CPU
		{2D639D86-E33A-4B90-84A9-117E465A465D}.Debug|Any CPU.ActiveCfg = Debug|Any CPU
		{2D639D86-E33A-4B90-84A9-117E465A465D}.Debug|Any CPU.Build.0 = Debug|Any CPU
		{2D639D86-E33A-4B90-84A9-117E465A465D}.Release|Any CPU.ActiveCfg = Release|Any CPU
		{2D639D86-E33A-4B90-84A9-117E465A465D}.Release|Any CPU.Build.0 = Release|Any CPU
		{F6327E62-C1DF-488E-8EFA-EA95BB120EE4}.Debug|Any CPU.ActiveCfg = Debug|Any CPU
		{F6327E62-C1DF-488E-8EFA-EA95BB120EE4}.Debug|Any CPU.Build.0 = Debug|Any CPU
		{F6327E62-C1DF-488E-8EFA-EA95BB120EE4}.Release|Any CPU.ActiveCfg = Release|Any CPU
		{F6327E62-C1DF-488E-8EFA-EA95BB120EE4}.Release|Any CPU.Build.0 = Release|Any CPU
		{BDD07CD1-7648-474D-B273-01F0C0FB7A99}.Debug|Any CPU.ActiveCfg = Debug|Any CPU
		{BDD07CD1-7648-474D-B273-01F0C0FB7A99}.Debug|Any CPU.Build.0 = Debug|Any CPU
		{BDD07CD1-7648-474D-B273-01F0C0FB7A99}.Release|Any CPU.ActiveCfg = Release|Any CPU
		{BDD07CD1-7648-474D-B273-01F0C0FB7A99}.Release|Any CPU.Build.0 = Release|Any CPU
		{EA8373E7-0D83-45A4-AE41-14954E8076CA}.Debug|Any CPU.ActiveCfg = Debug|Any CPU
		{EA8373E7-0D83-45A4-AE41-14954E8076CA}.Debug|Any CPU.Build.0 = Debug|Any CPU
		{EA8373E7-0D83-45A4-AE41-14954E8076CA}.Release|Any CPU.ActiveCfg = Release|Any CPU
		{EA8373E7-0D83-45A4-AE41-14954E8076CA}.Release|Any CPU.Build.0 = Release|Any CPU
	EndGlobalSection
EndGlobal
